
Microsoft Visual Studio Solution File, Format Version 12.00
# Visual Studio 14
VisualStudioVersion = 14.0.25420.1
MinimumVisualStudioVersion = 10.0.40219.1
Project("{888888A0-9F3D-457C-B088-3A5042F75D52}") = "DjangoWebProject", "DjangoWebProject\DjangoWebProject.pyproj", "{EFD44C2B-50BD-4EF2-A7E5-68B921994259}"
EndProject
Global
	GlobalSection(SolutionConfigurationPlatforms) = preSolution
		Debug|Any CPU = Debug|Any CPU
		Release|Any CPU = Release|Any CPU
	EndGlobalSection
	GlobalSection(ProjectConfigurationPlatforms) = postSolution
		{EFD44C2B-50BD-4EF2-A7E5-68B921994259}.Debug|Any CPU.ActiveCfg = Debug|Any CPU
		{EFD44C2B-50BD-4EF2-A7E5-68B921994259}.Debug|Any CPU.Build.0 = Debug|Any CPU
		{EFD44C2B-50BD-4EF2-A7E5-68B921994259}.Release|Any CPU.ActiveCfg = Release|Any CPU
		{EFD44C2B-50BD-4EF2-A7E5-68B921994259}.Release|Any CPU.Build.0 = Release|Any CPU
	EndGlobalSection
	GlobalSection(SolutionProperties) = preSolution
		HideSolutionNode = FALSE
	EndGlobalSection
EndGlobal
